{
  "name": "minicode-26",
  "version": "1.0.0",
  "lockfileVersion": 2,
  "requires": true,
  "packages": {
    "": {
      "name": "minicode-26",
      "version": "1.0.0",
      "license": "ISC",
      "dependencies": {
        "regenerator-runtime": "^0.13.9",
        "threejs-miniprogram": "0.0.3"
      }
    },
    "node_modules/regenerator-runtime": {
      "version": "0.13.9",
      "resolved": "https://mirrors.tencent.com/npm/regenerator-runtime/-/regenerator-runtime-0.13.9.tgz",
      "integrity": "sha512-p3VT+cOEgxFsRRA9X4lkI1E+k2/CtnKtU4gcxyaCUreilL/vqI6CdZ3wxVUx3UOUg+gnUOQQcRI7BmSI656MYA==",
      "license": "MIT"
    },
    "node_modules/threejs-miniprogram": {
      "version": "0.0.3",
      "resolved": "https://mirrors.tencent.com/npm/threejs-miniprogram/-/threejs-miniprogram-0.0.3.tgz",
      "integrity": "sha512-4vsHYrA5ZRCelkZ6TXs7/TFIyYDcwfrT0j5E12tMLSFI4VDYsto8fhSbIRlOVmyGT6JhhIG9CqumTInmxlLM8Q==",
      "license": "MIT"
    }
  },
  "dependencies": {
    "regenerator-runtime": {
      "version": "0.13.9",
      "resolved": "https://mirrors.tencent.com/npm/regenerator-runtime/-/regenerator-runtime-0.13.9.tgz",
      "integrity": "sha512-p3VT+cOEgxFsRRA9X4lkI1E+k2/CtnKtU4gcxyaCUreilL/vqI6CdZ3wxVUx3UOUg+gnUOQQcRI7BmSI656MYA=="
    },
    "threejs-miniprogram": {
      "version": "0.0.3",
      "resolved": "https://mirrors.tencent.com/npm/threejs-miniprogram/-/threejs-miniprogram-0.0.3.tgz",
      "integrity": "sha512-4vsHYrA5ZRCelkZ6TXs7/TFIyYDcwfrT0j5E12tMLSFI4VDYsto8fhSbIRlOVmyGT6JhhIG9CqumTInmxlLM8Q=="
    }
  }
}
